
Microsoft Visual Studio Solution File, Format Version 12.00
# Visual Studio 14
VisualStudioVersion = 14.0.25123.0
MinimumVisualStudioVersion = 10.0.40219.1
Project("{FAE04EC0-301F-11D3-BF4B-00C04F79EFBC}") = "ITCO.SboAddon.Framework", "ITCO.SboAddon.Framework\ITCO.SboAddon.Framework.csproj", "{B5D76FA3-B0C1-4C49-907F-9345866F6BEA}"
EndProject
Project("{FAE04EC0-301F-11D3-BF4B-00C04F79EFBC}") = "ITCO.SboAddon.Framework.Tester", "ITCO.SboAddon.Framework.Tester\ITCO.SboAddon.Framework.Tester.csproj", "{A1B31136-EAF0-463C-83BC-9679252DD999}"
EndProject
Project("{FAE04EC0-301F-11D3-BF4B-00C04F79EFBC}") = "ITCO.SboAddon.Framework.Tests", "ITCO.SboAddon.Framework.Tests\ITCO.SboAddon.Framework.Tests.csproj", "{B26B3AE0-E285-4681-A801-AE05B595F8C1}"
EndProject
Global
	GlobalSection(SolutionConfigurationPlatforms) = preSolution
		Debug|Any CPU = Debug|Any CPU
		Release|Any CPU = Release|Any CPU
	EndGlobalSection
	GlobalSection(ProjectConfigurationPlatforms) = postSolution
		{B5D76FA3-B0C1-4C49-907F-9345866F6BEA}.Debug|Any CPU.ActiveCfg = Debug|Any CPU
		{B5D76FA3-B0C1-4C49-907F-9345866F6BEA}.Debug|Any CPU.Build.0 = Debug|Any CPU
		{B5D76FA3-B0C1-4C49-907F-9345866F6BEA}.Release|Any CPU.ActiveCfg = Release|Any CPU
		{B5D76FA3-B0C1-4C49-907F-9345866F6BEA}.Release|Any CPU.Build.0 = Release|Any CPU
		{A1B31136-EAF0-463C-83BC-9679252DD999}.Debug|Any CPU.ActiveCfg = Debug|Any CPU
		{A1B31136-EAF0-463C-83BC-9679252DD999}.Debug|Any CPU.Build.0 = Debug|Any CPU
		{A1B31136-EAF0-463C-83BC-9679252DD999}.Release|Any CPU.ActiveCfg = Release|Any CPU
		{A1B31136-EAF0-463C-83BC-9679252DD999}.Release|Any CPU.Build.0 = Release|Any CPU
		{B26B3AE0-E285-4681-A801-AE05B595F8C1}.Debug|Any CPU.ActiveCfg = Debug|Any CPU
		{B26B3AE0-E285-4681-A801-AE05B595F8C1}.Debug|Any CPU.Build.0 = Debug|Any CPU
		{B26B3AE0-E285-4681-A801-AE05B595F8C1}.Release|Any CPU.ActiveCfg = Release|Any CPU
		{B26B3AE0-E285-4681-A801-AE05B595F8C1}.Release|Any CPU.Build.0 = Release|Any CPU
	EndGlobalSection
	GlobalSection(SolutionProperties) = preSolution
		HideSolutionNode = FALSE
	EndGlobalSection
EndGlobal
