
Microsoft Visual Studio Solution File, Format Version 12.00
# Visual Studio 15
VisualStudioVersion = 15.0.27130.2010
MinimumVisualStudioVersion = 10.0.40219.1
Project("{FAE04EC0-301F-11D3-BF4B-00C04F79EFBC}") = "ITCO.SboAddon.Framework", "ITCO.SboAddon.Framework\ITCO.SboAddon.Framework.csproj", "{B5D76FA3-B0C1-4C49-907F-9345866F6BEA}"
EndProject
Project("{FAE04EC0-301F-11D3-BF4B-00C04F79EFBC}") = "ITCO.SboAddon.Framework.Tests", "ITCO.SboAddon.Framework.Tests\ITCO.SboAddon.Framework.Tests.csproj", "{B26B3AE0-E285-4681-A801-AE05B595F8C1}"
EndProject
Global
	GlobalSection(SolutionConfigurationPlatforms) = preSolution
		Debug|Any CPU = Debug|Any CPU
		Debug|x86 = Debug|x86
		Release_SBO10|Any CPU = Release_SBO10|Any CPU
		Release_SBO10|x86 = Release_SBO10|x86
		Release_SBO9|Any CPU = Release_SBO9|Any CPU
		Release_SBO9|x86 = Release_SBO9|x86
	EndGlobalSection
	GlobalSection(ProjectConfigurationPlatforms) = postSolution
		{B5D76FA3-B0C1-4C49-907F-9345866F6BEA}.Debug|Any CPU.ActiveCfg = Debug|Any CPU
		{B5D76FA3-B0C1-4C49-907F-9345866F6BEA}.Debug|Any CPU.Build.0 = Debug|Any CPU
		{B5D76FA3-B0C1-4C49-907F-9345866F6BEA}.Debug|x86.ActiveCfg = Debug|x86
		{B5D76FA3-B0C1-4C49-907F-9345866F6BEA}.Debug|x86.Build.0 = Debug|x86
		{B5D76FA3-B0C1-4C49-907F-9345866F6BEA}.Release_SBO10|Any CPU.ActiveCfg = Release_SBO10|Any CPU
		{B5D76FA3-B0C1-4C49-907F-9345866F6BEA}.Release_SBO10|Any CPU.Build.0 = Release_SBO10|Any CPU
		{B5D76FA3-B0C1-4C49-907F-9345866F6BEA}.Release_SBO10|x86.ActiveCfg = Release_SBO10|x86
		{B5D76FA3-B0C1-4C49-907F-9345866F6BEA}.Release_SBO10|x86.Build.0 = Release_SBO10|x86
		{B5D76FA3-B0C1-4C49-907F-9345866F6BEA}.Release_SBO9|Any CPU.ActiveCfg = Release_SBO9|Any CPU
		{B5D76FA3-B0C1-4C49-907F-9345866F6BEA}.Release_SBO9|Any CPU.Build.0 = Release_SBO9|Any CPU
		{B5D76FA3-B0C1-4C49-907F-9345866F6BEA}.Release_SBO9|x86.ActiveCfg = Release_SBO9|x86
		{B5D76FA3-B0C1-4C49-907F-9345866F6BEA}.Release_SBO9|x86.Build.0 = Release_SBO9|x86
		{B26B3AE0-E285-4681-A801-AE05B595F8C1}.Debug|Any CPU.ActiveCfg = Debug|Any CPU
		{B26B3AE0-E285-4681-A801-AE05B595F8C1}.Debug|Any CPU.Build.0 = Debug|Any CPU
		{B26B3AE0-E285-4681-A801-AE05B595F8C1}.Debug|x86.ActiveCfg = Debug|x86
		{B26B3AE0-E285-4681-A801-AE05B595F8C1}.Debug|x86.Build.0 = Debug|x86
		{B26B3AE0-E285-4681-A801-AE05B595F8C1}.Release_SBO10|Any CPU.ActiveCfg = Release_SBO10|Any CPU
		{B26B3AE0-E285-4681-A801-AE05B595F8C1}.Release_SBO10|Any CPU.Build.0 = Release_SBO10|Any CPU
		{B26B3AE0-E285-4681-A801-AE05B595F8C1}.Release_SBO10|x86.ActiveCfg = Release_SBO10|x86
		{B26B3AE0-E285-4681-A801-AE05B595F8C1}.Release_SBO10|x86.Build.0 = Release_SBO10|x86
		{B26B3AE0-E285-4681-A801-AE05B595F8C1}.Release_SBO9|Any CPU.ActiveCfg = Release_SBO9|Any CPU
		{B26B3AE0-E285-4681-A801-AE05B595F8C1}.Release_SBO9|Any CPU.Build.0 = Release_SBO9|Any CPU
		{B26B3AE0-E285-4681-A801-AE05B595F8C1}.Release_SBO9|x86.ActiveCfg = Release_SBO9|x86
		{B26B3AE0-E285-4681-A801-AE05B595F8C1}.Release_SBO9|x86.Build.0 = Release_SBO9|x86
	EndGlobalSection
	GlobalSection(SolutionProperties) = preSolution
		HideSolutionNode = FALSE
	EndGlobalSection
	GlobalSection(ExtensibilityGlobals) = postSolution
		SolutionGuid = {D5D62658-95BD-4A92-A708-3ACDD4975463}
	EndGlobalSection
EndGlobal
